
Microsoft Visual Studio Solution File, Format Version 12.00
# Visual Studio 15
VisualStudioVersion = 15.0.28306.52
MinimumVisualStudioVersion = 10.0.40219.1
Project("{FAE04EC0-301F-11D3-BF4B-00C04F79EFBC}") = "HelloWorldClient", "HelloWorldClient\HelloWorldClient.csproj", "{ABB276A5-B7DC-4A48-9A35-168D0A21EB9B}"
EndProject
Global
	GlobalSection(SolutionConfigurationPlatforms) = preSolution
		Debug|Any CPU = Debug|Any CPU
		Release|Any CPU = Release|Any CPU
	EndGlobalSection
	GlobalSection(ProjectConfigurationPlatforms) = postSolution
		{ABB276A5-B7DC-4A48-9A35-168D0A21EB9B}.Debug|Any CPU.ActiveCfg = Debug|Any CPU
		{ABB276A5-B7DC-4A48-9A35-168D0A21EB9B}.Debug|Any CPU.Build.0 = Debug|Any CPU
		{ABB276A5-B7DC-4A48-9A35-168D0A21EB9B}.Release|Any CPU.ActiveCfg = Release|Any CPU
		{ABB276A5-B7DC-4A48-9A35-168D0A21EB9B}.Release|Any CPU.Build.0 = Release|Any CPU
	EndGlobalSection
	GlobalSection(SolutionProperties) = preSolution
		HideSolutionNode = FALSE
	EndGlobalSection
	GlobalSection(ExtensibilityGlobals) = postSolution
		SolutionGuid = {DCD11AE8-D857-43A6-84C9-997E1E7EE0F8}
	EndGlobalSection
EndGlobal
